
Microsoft Visual Studio Solution File, Format Version 12.00
# Visual Studio Version 16
VisualStudioVersion = 16.0.810.9
MinimumVisualStudioVersion = 10.0.40219.1
Project("{FAE04EC0-301F-11D3-BF4B-00C04F79EFBC}") = "learn_.net_1-21_09_2021", "learn_.net_1-21_09_2021\learn_.net_1-21_09_2021.csproj", "{62AF9B8C-0506-4BA4-B1E9-5049902B3D2F}"
EndProject
Global
	GlobalSection(SolutionConfigurationPlatforms) = preSolution
		Debug|Any CPU = Debug|Any CPU
		Release|Any CPU = Release|Any CPU
	EndGlobalSection
	GlobalSection(ProjectConfigurationPlatforms) = postSolution
		{62AF9B8C-0506-4BA4-B1E9-5049902B3D2F}.Debug|Any CPU.ActiveCfg = Debug|Any CPU
		{62AF9B8C-0506-4BA4-B1E9-5049902B3D2F}.Debug|Any CPU.Build.0 = Debug|Any CPU
		{62AF9B8C-0506-4BA4-B1E9-5049902B3D2F}.Release|Any CPU.ActiveCfg = Release|Any CPU
		{62AF9B8C-0506-4BA4-B1E9-5049902B3D2F}.Release|Any CPU.Build.0 = Release|Any CPU
	EndGlobalSection
	GlobalSection(SolutionProperties) = preSolution
		HideSolutionNode = FALSE
	EndGlobalSection
	GlobalSection(ExtensibilityGlobals) = postSolution
		SolutionGuid = {1EFF9540-172C-484E-86A2-6E681ED8432D}
	EndGlobalSection
EndGlobal
